// !$*UTF8*$!
{
	archiveVersion = 1;
	classes = {
	};
	objectVersion = 46;
	objects = {

/* Begin PBXBuildFile section */
		OBJ_101 /* Data++.swift in Sources */ = {isa = PBXBuildFile; fileRef = OBJ_38 /* Data++.swift */; };
		OBJ_102 /* Dictionary++.swift in Sources */ = {isa = PBXBuildFile; fileRef = OBJ_39 /* Dictionary++.swift */; };
		OBJ_103 /* HMAC.swift in Sources */ = {isa = PBXBuildFile; fileRef = OBJ_40 /* HMAC.swift */; };
		OBJ_104 /* Int++.swift in Sources */ = {isa = PBXBuildFile; fileRef = OBJ_41 /* Int++.swift */; };
		OBJ_105 /* JSON.swift in Sources */ = {isa = PBXBuildFile; fileRef = OBJ_42 /* JSON.swift */; };
		OBJ_106 /* Operator++.swift in Sources */ = {isa = PBXBuildFile; fileRef = OBJ_43 /* Operator++.swift */; };
		OBJ_107 /* SHA1.swift in Sources */ = {isa = PBXBuildFile; fileRef = OBJ_44 /* SHA1.swift */; };
		OBJ_108 /* String++.swift in Sources */ = {isa = PBXBuildFile; fileRef = OBJ_45 /* String++.swift */; };
		OBJ_109 /* Swifter.swift in Sources */ = {isa = PBXBuildFile; fileRef = OBJ_46 /* Swifter.swift */; };
		OBJ_110 /* SwifterAccountsClient.swift in Sources */ = {isa = PBXBuildFile; fileRef = OBJ_47 /* SwifterAccountsClient.swift */; };
		OBJ_111 /* SwifterAppOnlyClient.swift in Sources */ = {isa = PBXBuildFile; fileRef = OBJ_48 /* SwifterAppOnlyClient.swift */; };
		OBJ_112 /* SwifterAuth.swift in Sources */ = {isa = PBXBuildFile; fileRef = OBJ_49 /* SwifterAuth.swift */; };
		OBJ_113 /* SwifterClientProtocol.swift in Sources */ = {isa = PBXBuildFile; fileRef = OBJ_50 /* SwifterClientProtocol.swift */; };
		OBJ_114 /* SwifterCredential.swift in Sources */ = {isa = PBXBuildFile; fileRef = OBJ_51 /* SwifterCredential.swift */; };
		OBJ_115 /* SwifterError.swift in Sources */ = {isa = PBXBuildFile; fileRef = OBJ_52 /* SwifterError.swift */; };
		OBJ_116 /* SwifterFavorites.swift in Sources */ = {isa = PBXBuildFile; fileRef = OBJ_53 /* SwifterFavorites.swift */; };
		OBJ_117 /* SwifterFollowers.swift in Sources */ = {isa = PBXBuildFile; fileRef = OBJ_54 /* SwifterFollowers.swift */; };
		OBJ_118 /* SwifterHelp.swift in Sources */ = {isa = PBXBuildFile; fileRef = OBJ_55 /* SwifterHelp.swift */; };
		OBJ_119 /* SwifterHTTPRequest.swift in Sources */ = {isa = PBXBuildFile; fileRef = OBJ_56 /* SwifterHTTPRequest.swift */; };
		OBJ_120 /* SwifterLists.swift in Sources */ = {isa = PBXBuildFile; fileRef = OBJ_57 /* SwifterLists.swift */; };
		OBJ_121 /* SwifterMessages.swift in Sources */ = {isa = PBXBuildFile; fileRef = OBJ_58 /* SwifterMessages.swift */; };
		OBJ_122 /* SwifterOAuthClient.swift in Sources */ = {isa = PBXBuildFile; fileRef = OBJ_59 /* SwifterOAuthClient.swift */; };
		OBJ_123 /* SwifterPlaces.swift in Sources */ = {isa = PBXBuildFile; fileRef = OBJ_60 /* SwifterPlaces.swift */; };
		OBJ_124 /* SwifterSavedSearches.swift in Sources */ = {isa = PBXBuildFile; fileRef = OBJ_61 /* SwifterSavedSearches.swift */; };
		OBJ_125 /* SwifterSearch.swift in Sources */ = {isa = PBXBuildFile; fileRef = OBJ_62 /* SwifterSearch.swift */; };
		OBJ_126 /* SwifterSpam.swift in Sources */ = {isa = PBXBuildFile; fileRef = OBJ_63 /* SwifterSpam.swift */; };
		OBJ_127 /* SwifterStreaming.swift in Sources */ = {isa = PBXBuildFile; fileRef = OBJ_64 /* SwifterStreaming.swift */; };
		OBJ_128 /* SwifterSuggested.swift in Sources */ = {isa = PBXBuildFile; fileRef = OBJ_65 /* SwifterSuggested.swift */; };
		OBJ_129 /* SwifterTag.swift in Sources */ = {isa = PBXBuildFile; fileRef = OBJ_66 /* SwifterTag.swift */; };
		OBJ_130 /* SwifterTimelines.swift in Sources */ = {isa = PBXBuildFile; fileRef = OBJ_67 /* SwifterTimelines.swift */; };
		OBJ_131 /* SwifterTrends.swift in Sources */ = {isa = PBXBuildFile; fileRef = OBJ_68 /* SwifterTrends.swift */; };
		OBJ_132 /* SwifterTweets.swift in Sources */ = {isa = PBXBuildFile; fileRef = OBJ_69 /* SwifterTweets.swift */; };
		OBJ_133 /* SwifterUsers.swift in Sources */ = {isa = PBXBuildFile; fileRef = OBJ_70 /* SwifterUsers.swift */; };
		OBJ_134 /* URL++.swift in Sources */ = {isa = PBXBuildFile; fileRef = OBJ_71 /* URL++.swift */; };
		OBJ_135 /* Utils.swift in Sources */ = {isa = PBXBuildFile; fileRef = OBJ_72 /* Utils.swift */; };
		OBJ_142 /* Then.swift in Sources */ = {isa = PBXBuildFile; fileRef = OBJ_36 /* Then.swift */; };
		OBJ_149 /* BinaryReader.swift in Sources */ = {isa = PBXBuildFile; fileRef = OBJ_28 /* BinaryReader.swift */; };
		OBJ_150 /* CSV+init.swift in Sources */ = {isa = PBXBuildFile; fileRef = OBJ_29 /* CSV+init.swift */; };
		OBJ_151 /* CSV+subscript.swift in Sources */ = {isa = PBXBuildFile; fileRef = OBJ_30 /* CSV+subscript.swift */; };
		OBJ_152 /* CSV.swift in Sources */ = {isa = PBXBuildFile; fileRef = OBJ_31 /* CSV.swift */; };
		OBJ_153 /* CSVError.swift in Sources */ = {isa = PBXBuildFile; fileRef = OBJ_32 /* CSVError.swift */; };
		OBJ_154 /* Endian.swift in Sources */ = {isa = PBXBuildFile; fileRef = OBJ_33 /* Endian.swift */; };
		OBJ_155 /* UnicodeIterator.swift in Sources */ = {isa = PBXBuildFile; fileRef = OBJ_34 /* UnicodeIterator.swift */; };
		OBJ_162 /* Result.swift in Sources */ = {isa = PBXBuildFile; fileRef = OBJ_25 /* Result.swift */; };
		OBJ_163 /* ResultProtocol.swift in Sources */ = {isa = PBXBuildFile; fileRef = OBJ_26 /* ResultProtocol.swift */; };
		OBJ_170 /* Array+SafeIndex.swift in Sources */ = {isa = PBXBuildFile; fileRef = OBJ_9 /* Array+SafeIndex.swift */; };
		OBJ_171 /* Tweet.swift in Sources */ = {isa = PBXBuildFile; fileRef = OBJ_10 /* Tweet.swift */; };
		OBJ_172 /* TweetDeletionReporter.swift in Sources */ = {isa = PBXBuildFile; fileRef = OBJ_11 /* TweetDeletionReporter.swift */; };
		OBJ_173 /* TweetParser.swift in Sources */ = {isa = PBXBuildFile; fileRef = OBJ_12 /* TweetParser.swift */; };
		OBJ_174 /* TwitterAPI.swift in Sources */ = {isa = PBXBuildFile; fileRef = OBJ_13 /* TwitterAPI.swift */; };
		OBJ_176 /* CommandLineKit.framework in Frameworks */ = {isa = PBXBuildFile; fileRef = OBJ_79 /* CommandLineKit.framework */; };
		OBJ_177 /* Swifter.framework in Frameworks */ = {isa = PBXBuildFile; fileRef = OBJ_80 /* Swifter.framework */; };
		OBJ_178 /* Then.framework in Frameworks */ = {isa = PBXBuildFile; fileRef = OBJ_81 /* Then.framework */; };
		OBJ_179 /* CSV.framework in Frameworks */ = {isa = PBXBuildFile; fileRef = OBJ_82 /* CSV.framework */; };
		OBJ_180 /* Result.framework in Frameworks */ = {isa = PBXBuildFile; fileRef = OBJ_83 /* Result.framework */; };
		OBJ_191 /* CommandLine+Sugar.swift in Sources */ = {isa = PBXBuildFile; fileRef = OBJ_15 /* CommandLine+Sugar.swift */; };
		OBJ_192 /* main.swift in Sources */ = {isa = PBXBuildFile; fileRef = OBJ_16 /* main.swift */; };
		OBJ_193 /* Prompter.swift in Sources */ = {isa = PBXBuildFile; fileRef = OBJ_17 /* Prompter.swift */; };
		OBJ_194 /* String+Sugar.swift in Sources */ = {isa = PBXBuildFile; fileRef = OBJ_18 /* String+Sugar.swift */; };
		OBJ_196 /* CommandLineKit.framework in Frameworks */ = {isa = PBXBuildFile; fileRef = OBJ_79 /* CommandLineKit.framework */; };
		OBJ_197 /* Swifter.framework in Frameworks */ = {isa = PBXBuildFile; fileRef = OBJ_80 /* Swifter.framework */; };
		OBJ_198 /* Then.framework in Frameworks */ = {isa = PBXBuildFile; fileRef = OBJ_81 /* Then.framework */; };
		OBJ_199 /* CSV.framework in Frameworks */ = {isa = PBXBuildFile; fileRef = OBJ_82 /* CSV.framework */; };
		OBJ_200 /* Result.framework in Frameworks */ = {isa = PBXBuildFile; fileRef = OBJ_83 /* Result.framework */; };
		OBJ_201 /* RehatchCore.framework in Frameworks */ = {isa = PBXBuildFile; fileRef = OBJ_84 /* RehatchCore.framework */; };
		OBJ_213 /* TweetTests.swift in Sources */ = {isa = PBXBuildFile; fileRef = OBJ_21 /* TweetTests.swift */; };
		OBJ_215 /* CommandLineKit.framework in Frameworks */ = {isa = PBXBuildFile; fileRef = OBJ_79 /* CommandLineKit.framework */; };
		OBJ_216 /* Swifter.framework in Frameworks */ = {isa = PBXBuildFile; fileRef = OBJ_80 /* Swifter.framework */; };
		OBJ_217 /* Then.framework in Frameworks */ = {isa = PBXBuildFile; fileRef = OBJ_81 /* Then.framework */; };
		OBJ_218 /* CSV.framework in Frameworks */ = {isa = PBXBuildFile; fileRef = OBJ_82 /* CSV.framework */; };
		OBJ_219 /* Result.framework in Frameworks */ = {isa = PBXBuildFile; fileRef = OBJ_83 /* Result.framework */; };
		OBJ_220 /* RehatchCore.framework in Frameworks */ = {isa = PBXBuildFile; fileRef = OBJ_84 /* RehatchCore.framework */; };
		OBJ_92 /* CommandLine.swift in Sources */ = {isa = PBXBuildFile; fileRef = OBJ_75 /* CommandLine.swift */; };
		OBJ_93 /* Option.swift in Sources */ = {isa = PBXBuildFile; fileRef = OBJ_76 /* Option.swift */; };
		OBJ_94 /* StringExtensions.swift in Sources */ = {isa = PBXBuildFile; fileRef = OBJ_77 /* StringExtensions.swift */; };
/* End PBXBuildFile section */

/* Begin PBXContainerItemProxy section */
		D5F61F4C1F0ECBC8005542F4 /* PBXContainerItemProxy */ = {
			isa = PBXContainerItemProxy;
			containerPortal = OBJ_1 /* Project object */;
			proxyType = 1;
			remoteGlobalIDString = OBJ_87;
			remoteInfo = CommandLineKit;
		};
		D5F61F4D1F0ECBC8005542F4 /* PBXContainerItemProxy */ = {
			isa = PBXContainerItemProxy;
			containerPortal = OBJ_1 /* Project object */;
			proxyType = 1;
			remoteGlobalIDString = OBJ_96;
			remoteInfo = Swifter;
		};
		D5F61F4E1F0ECBC8005542F4 /* PBXContainerItemProxy */ = {
			isa = PBXContainerItemProxy;
			containerPortal = OBJ_1 /* Project object */;
			proxyType = 1;
			remoteGlobalIDString = OBJ_137;
			remoteInfo = Then;
		};
		D5F61F4F1F0ECBC8005542F4 /* PBXContainerItemProxy */ = {
			isa = PBXContainerItemProxy;
			containerPortal = OBJ_1 /* Project object */;
			proxyType = 1;
			remoteGlobalIDString = OBJ_144;
			remoteInfo = CSV;
		};
		D5F61F501F0ECBC8005542F4 /* PBXContainerItemProxy */ = {
			isa = PBXContainerItemProxy;
			containerPortal = OBJ_1 /* Project object */;
			proxyType = 1;
			remoteGlobalIDString = OBJ_157;
			remoteInfo = Result;
		};
		D5F61F511F0ECBC8005542F4 /* PBXContainerItemProxy */ = {
			isa = PBXContainerItemProxy;
			containerPortal = OBJ_1 /* Project object */;
			proxyType = 1;
			remoteGlobalIDString = OBJ_87;
			remoteInfo = CommandLineKit;
		};
		D5F61F521F0ECBC8005542F4 /* PBXContainerItemProxy */ = {
			isa = PBXContainerItemProxy;
			containerPortal = OBJ_1 /* Project object */;
			proxyType = 1;
			remoteGlobalIDString = OBJ_96;
			remoteInfo = Swifter;
		};
		D5F61F531F0ECBC8005542F4 /* PBXContainerItemProxy */ = {
			isa = PBXContainerItemProxy;
			containerPortal = OBJ_1 /* Project object */;
			proxyType = 1;
			remoteGlobalIDString = OBJ_137;
			remoteInfo = Then;
		};
		D5F61F541F0ECBC8005542F4 /* PBXContainerItemProxy */ = {
			isa = PBXContainerItemProxy;
			containerPortal = OBJ_1 /* Project object */;
			proxyType = 1;
			remoteGlobalIDString = OBJ_144;
			remoteInfo = CSV;
		};
		D5F61F551F0ECBC8005542F4 /* PBXContainerItemProxy */ = {
			isa = PBXContainerItemProxy;
			containerPortal = OBJ_1 /* Project object */;
			proxyType = 1;
			remoteGlobalIDString = OBJ_157;
			remoteInfo = Result;
		};
		D5F61F561F0ECBC8005542F4 /* PBXContainerItemProxy */ = {
			isa = PBXContainerItemProxy;
			containerPortal = OBJ_1 /* Project object */;
			proxyType = 1;
			remoteGlobalIDString = OBJ_165;
			remoteInfo = RehatchCore;
		};
		D5F61F571F0ECBC8005542F4 /* PBXContainerItemProxy */ = {
			isa = PBXContainerItemProxy;
			containerPortal = OBJ_1 /* Project object */;
			proxyType = 1;
			remoteGlobalIDString = OBJ_87;
			remoteInfo = CommandLineKit;
		};
		D5F61F581F0ECBC8005542F4 /* PBXContainerItemProxy */ = {
			isa = PBXContainerItemProxy;
			containerPortal = OBJ_1 /* Project object */;
			proxyType = 1;
			remoteGlobalIDString = OBJ_96;
			remoteInfo = Swifter;
		};
		D5F61F591F0ECBC8005542F4 /* PBXContainerItemProxy */ = {
			isa = PBXContainerItemProxy;
			containerPortal = OBJ_1 /* Project object */;
			proxyType = 1;
			remoteGlobalIDString = OBJ_137;
			remoteInfo = Then;
		};
		D5F61F5A1F0ECBC8005542F4 /* PBXContainerItemProxy */ = {
			isa = PBXContainerItemProxy;
			containerPortal = OBJ_1 /* Project object */;
			proxyType = 1;
			remoteGlobalIDString = OBJ_144;
			remoteInfo = CSV;
		};
		D5F61F5B1F0ECBC8005542F4 /* PBXContainerItemProxy */ = {
			isa = PBXContainerItemProxy;
			containerPortal = OBJ_1 /* Project object */;
			proxyType = 1;
			remoteGlobalIDString = OBJ_157;
			remoteInfo = Result;
		};
		D5F61F5C1F0ECBC8005542F4 /* PBXContainerItemProxy */ = {
			isa = PBXContainerItemProxy;
			containerPortal = OBJ_1 /* Project object */;
			proxyType = 1;
			remoteGlobalIDString = OBJ_165;
			remoteInfo = RehatchCore;
		};
/* End PBXContainerItemProxy section */

/* Begin PBXFileReference section */
		OBJ_10 /* Tweet.swift */ = {isa = PBXFileReference; lastKnownFileType = sourcecode.swift; path = Tweet.swift; sourceTree = "<group>"; };
		OBJ_11 /* TweetDeletionReporter.swift */ = {isa = PBXFileReference; lastKnownFileType = sourcecode.swift; path = TweetDeletionReporter.swift; sourceTree = "<group>"; };
		OBJ_12 /* TweetParser.swift */ = {isa = PBXFileReference; lastKnownFileType = sourcecode.swift; path = TweetParser.swift; sourceTree = "<group>"; };
		OBJ_13 /* TwitterAPI.swift */ = {isa = PBXFileReference; lastKnownFileType = sourcecode.swift; path = TwitterAPI.swift; sourceTree = "<group>"; };
		OBJ_15 /* CommandLine+Sugar.swift */ = {isa = PBXFileReference; lastKnownFileType = sourcecode.swift; path = "CommandLine+Sugar.swift"; sourceTree = "<group>"; };
		OBJ_16 /* main.swift */ = {isa = PBXFileReference; lastKnownFileType = sourcecode.swift; path = main.swift; sourceTree = "<group>"; };
		OBJ_17 /* Prompter.swift */ = {isa = PBXFileReference; lastKnownFileType = sourcecode.swift; path = Prompter.swift; sourceTree = "<group>"; };
		OBJ_18 /* String+Sugar.swift */ = {isa = PBXFileReference; lastKnownFileType = sourcecode.swift; path = "String+Sugar.swift"; sourceTree = "<group>"; };
		OBJ_21 /* TweetTests.swift */ = {isa = PBXFileReference; lastKnownFileType = sourcecode.swift; path = TweetTests.swift; sourceTree = "<group>"; };
		OBJ_25 /* Result.swift */ = {isa = PBXFileReference; lastKnownFileType = sourcecode.swift; path = Result.swift; sourceTree = "<group>"; };
		OBJ_26 /* ResultProtocol.swift */ = {isa = PBXFileReference; lastKnownFileType = sourcecode.swift; path = ResultProtocol.swift; sourceTree = "<group>"; };
		OBJ_28 /* BinaryReader.swift */ = {isa = PBXFileReference; lastKnownFileType = sourcecode.swift; path = BinaryReader.swift; sourceTree = "<group>"; };
		OBJ_29 /* CSV+init.swift */ = {isa = PBXFileReference; lastKnownFileType = sourcecode.swift; path = "CSV+init.swift"; sourceTree = "<group>"; };
		OBJ_30 /* CSV+subscript.swift */ = {isa = PBXFileReference; lastKnownFileType = sourcecode.swift; path = "CSV+subscript.swift"; sourceTree = "<group>"; };
		OBJ_31 /* CSV.swift */ = {isa = PBXFileReference; lastKnownFileType = sourcecode.swift; path = CSV.swift; sourceTree = "<group>"; };
		OBJ_32 /* CSVError.swift */ = {isa = PBXFileReference; lastKnownFileType = sourcecode.swift; path = CSVError.swift; sourceTree = "<group>"; };
		OBJ_33 /* Endian.swift */ = {isa = PBXFileReference; lastKnownFileType = sourcecode.swift; path = Endian.swift; sourceTree = "<group>"; };
		OBJ_34 /* UnicodeIterator.swift */ = {isa = PBXFileReference; lastKnownFileType = sourcecode.swift; path = UnicodeIterator.swift; sourceTree = "<group>"; };
		OBJ_36 /* Then.swift */ = {isa = PBXFileReference; lastKnownFileType = sourcecode.swift; path = Then.swift; sourceTree = "<group>"; };
		OBJ_38 /* Data++.swift */ = {isa = PBXFileReference; lastKnownFileType = sourcecode.swift; path = "Data++.swift"; sourceTree = "<group>"; };
		OBJ_39 /* Dictionary++.swift */ = {isa = PBXFileReference; lastKnownFileType = sourcecode.swift; path = "Dictionary++.swift"; sourceTree = "<group>"; };
		OBJ_40 /* HMAC.swift */ = {isa = PBXFileReference; lastKnownFileType = sourcecode.swift; path = HMAC.swift; sourceTree = "<group>"; };
		OBJ_41 /* Int++.swift */ = {isa = PBXFileReference; lastKnownFileType = sourcecode.swift; path = "Int++.swift"; sourceTree = "<group>"; };
		OBJ_42 /* JSON.swift */ = {isa = PBXFileReference; lastKnownFileType = sourcecode.swift; path = JSON.swift; sourceTree = "<group>"; };
		OBJ_43 /* Operator++.swift */ = {isa = PBXFileReference; lastKnownFileType = sourcecode.swift; path = "Operator++.swift"; sourceTree = "<group>"; };
		OBJ_44 /* SHA1.swift */ = {isa = PBXFileReference; lastKnownFileType = sourcecode.swift; path = SHA1.swift; sourceTree = "<group>"; };
		OBJ_45 /* String++.swift */ = {isa = PBXFileReference; lastKnownFileType = sourcecode.swift; path = "String++.swift"; sourceTree = "<group>"; };
		OBJ_46 /* Swifter.swift */ = {isa = PBXFileReference; lastKnownFileType = sourcecode.swift; path = Swifter.swift; sourceTree = "<group>"; };
		OBJ_47 /* SwifterAccountsClient.swift */ = {isa = PBXFileReference; lastKnownFileType = sourcecode.swift; path = SwifterAccountsClient.swift; sourceTree = "<group>"; };
		OBJ_48 /* SwifterAppOnlyClient.swift */ = {isa = PBXFileReference; lastKnownFileType = sourcecode.swift; path = SwifterAppOnlyClient.swift; sourceTree = "<group>"; };
		OBJ_49 /* SwifterAuth.swift */ = {isa = PBXFileReference; lastKnownFileType = sourcecode.swift; path = SwifterAuth.swift; sourceTree = "<group>"; };
		OBJ_50 /* SwifterClientProtocol.swift */ = {isa = PBXFileReference; lastKnownFileType = sourcecode.swift; path = SwifterClientProtocol.swift; sourceTree = "<group>"; };
		OBJ_51 /* SwifterCredential.swift */ = {isa = PBXFileReference; lastKnownFileType = sourcecode.swift; path = SwifterCredential.swift; sourceTree = "<group>"; };
		OBJ_52 /* SwifterError.swift */ = {isa = PBXFileReference; lastKnownFileType = sourcecode.swift; path = SwifterError.swift; sourceTree = "<group>"; };
		OBJ_53 /* SwifterFavorites.swift */ = {isa = PBXFileReference; lastKnownFileType = sourcecode.swift; path = SwifterFavorites.swift; sourceTree = "<group>"; };
		OBJ_54 /* SwifterFollowers.swift */ = {isa = PBXFileReference; lastKnownFileType = sourcecode.swift; path = SwifterFollowers.swift; sourceTree = "<group>"; };
		OBJ_55 /* SwifterHelp.swift */ = {isa = PBXFileReference; lastKnownFileType = sourcecode.swift; path = SwifterHelp.swift; sourceTree = "<group>"; };
		OBJ_56 /* SwifterHTTPRequest.swift */ = {isa = PBXFileReference; lastKnownFileType = sourcecode.swift; path = SwifterHTTPRequest.swift; sourceTree = "<group>"; };
		OBJ_57 /* SwifterLists.swift */ = {isa = PBXFileReference; lastKnownFileType = sourcecode.swift; path = SwifterLists.swift; sourceTree = "<group>"; };
		OBJ_58 /* SwifterMessages.swift */ = {isa = PBXFileReference; lastKnownFileType = sourcecode.swift; path = SwifterMessages.swift; sourceTree = "<group>"; };
		OBJ_59 /* SwifterOAuthClient.swift */ = {isa = PBXFileReference; lastKnownFileType = sourcecode.swift; path = SwifterOAuthClient.swift; sourceTree = "<group>"; };
		OBJ_6 /* Package.swift */ = {isa = PBXFileReference; explicitFileType = sourcecode.swift; path = Package.swift; sourceTree = "<group>"; };
		OBJ_60 /* SwifterPlaces.swift */ = {isa = PBXFileReference; lastKnownFileType = sourcecode.swift; path = SwifterPlaces.swift; sourceTree = "<group>"; };
		OBJ_61 /* SwifterSavedSearches.swift */ = {isa = PBXFileReference; lastKnownFileType = sourcecode.swift; path = SwifterSavedSearches.swift; sourceTree = "<group>"; };
		OBJ_62 /* SwifterSearch.swift */ = {isa = PBXFileReference; lastKnownFileType = sourcecode.swift; path = SwifterSearch.swift; sourceTree = "<group>"; };
		OBJ_63 /* SwifterSpam.swift */ = {isa = PBXFileReference; lastKnownFileType = sourcecode.swift; path = SwifterSpam.swift; sourceTree = "<group>"; };
		OBJ_64 /* SwifterStreaming.swift */ = {isa = PBXFileReference; lastKnownFileType = sourcecode.swift; path = SwifterStreaming.swift; sourceTree = "<group>"; };
		OBJ_65 /* SwifterSuggested.swift */ = {isa = PBXFileReference; lastKnownFileType = sourcecode.swift; path = SwifterSuggested.swift; sourceTree = "<group>"; };
		OBJ_66 /* SwifterTag.swift */ = {isa = PBXFileReference; lastKnownFileType = sourcecode.swift; path = SwifterTag.swift; sourceTree = "<group>"; };
		OBJ_67 /* SwifterTimelines.swift */ = {isa = PBXFileReference; lastKnownFileType = sourcecode.swift; path = SwifterTimelines.swift; sourceTree = "<group>"; };
		OBJ_68 /* SwifterTrends.swift */ = {isa = PBXFileReference; lastKnownFileType = sourcecode.swift; path = SwifterTrends.swift; sourceTree = "<group>"; };
		OBJ_69 /* SwifterTweets.swift */ = {isa = PBXFileReference; lastKnownFileType = sourcecode.swift; path = SwifterTweets.swift; sourceTree = "<group>"; };
		OBJ_70 /* SwifterUsers.swift */ = {isa = PBXFileReference; lastKnownFileType = sourcecode.swift; path = SwifterUsers.swift; sourceTree = "<group>"; };
		OBJ_71 /* URL++.swift */ = {isa = PBXFileReference; lastKnownFileType = sourcecode.swift; path = "URL++.swift"; sourceTree = "<group>"; };
		OBJ_72 /* Utils.swift */ = {isa = PBXFileReference; lastKnownFileType = sourcecode.swift; path = Utils.swift; sourceTree = "<group>"; };
		OBJ_75 /* CommandLine.swift */ = {isa = PBXFileReference; lastKnownFileType = sourcecode.swift; path = CommandLine.swift; sourceTree = "<group>"; };
		OBJ_76 /* Option.swift */ = {isa = PBXFileReference; lastKnownFileType = sourcecode.swift; path = Option.swift; sourceTree = "<group>"; };
		OBJ_77 /* StringExtensions.swift */ = {isa = PBXFileReference; lastKnownFileType = sourcecode.swift; path = StringExtensions.swift; sourceTree = "<group>"; };
		OBJ_79 /* CommandLineKit.framework */ = {isa = PBXFileReference; explicitFileType = wrapper.framework; path = CommandLineKit.framework; sourceTree = BUILT_PRODUCTS_DIR; };
		OBJ_80 /* Swifter.framework */ = {isa = PBXFileReference; explicitFileType = wrapper.framework; path = Swifter.framework; sourceTree = BUILT_PRODUCTS_DIR; };
		OBJ_81 /* Then.framework */ = {isa = PBXFileReference; explicitFileType = wrapper.framework; path = Then.framework; sourceTree = BUILT_PRODUCTS_DIR; };
		OBJ_82 /* CSV.framework */ = {isa = PBXFileReference; explicitFileType = wrapper.framework; path = CSV.framework; sourceTree = BUILT_PRODUCTS_DIR; };
		OBJ_83 /* Result.framework */ = {isa = PBXFileReference; explicitFileType = wrapper.framework; path = Result.framework; sourceTree = BUILT_PRODUCTS_DIR; };
		OBJ_84 /* RehatchCore.framework */ = {isa = PBXFileReference; explicitFileType = wrapper.framework; path = RehatchCore.framework; sourceTree = BUILT_PRODUCTS_DIR; };
		OBJ_85 /* Rehatch */ = {isa = PBXFileReference; lastKnownFileType = text; path = Rehatch; sourceTree = BUILT_PRODUCTS_DIR; };
		OBJ_86 /* RehatchCoreTests.xctest */ = {isa = PBXFileReference; lastKnownFileType = file; path = RehatchCoreTests.xctest; sourceTree = BUILT_PRODUCTS_DIR; };
		OBJ_9 /* Array+SafeIndex.swift */ = {isa = PBXFileReference; lastKnownFileType = sourcecode.swift; path = "Array+SafeIndex.swift"; sourceTree = "<group>"; };
/* End PBXFileReference section */

/* Begin PBXFrameworksBuildPhase section */
		OBJ_136 /* Frameworks */ = {
			isa = PBXFrameworksBuildPhase;
			buildActionMask = 0;
			files = (
			);
			runOnlyForDeploymentPostprocessing = 0;
		};
		OBJ_143 /* Frameworks */ = {
			isa = PBXFrameworksBuildPhase;
			buildActionMask = 0;
			files = (
			);
			runOnlyForDeploymentPostprocessing = 0;
		};
		OBJ_156 /* Frameworks */ = {
			isa = PBXFrameworksBuildPhase;
			buildActionMask = 0;
			files = (
			);
			runOnlyForDeploymentPostprocessing = 0;
		};
		OBJ_164 /* Frameworks */ = {
			isa = PBXFrameworksBuildPhase;
			buildActionMask = 0;
			files = (
			);
			runOnlyForDeploymentPostprocessing = 0;
		};
		OBJ_175 /* Frameworks */ = {
			isa = PBXFrameworksBuildPhase;
			buildActionMask = 0;
			files = (
				OBJ_176 /* CommandLineKit.framework in Frameworks */,
				OBJ_177 /* Swifter.framework in Frameworks */,
				OBJ_178 /* Then.framework in Frameworks */,
				OBJ_179 /* CSV.framework in Frameworks */,
				OBJ_180 /* Result.framework in Frameworks */,
			);
			runOnlyForDeploymentPostprocessing = 0;
		};
		OBJ_195 /* Frameworks */ = {
			isa = PBXFrameworksBuildPhase;
			buildActionMask = 0;
			files = (
				OBJ_196 /* CommandLineKit.framework in Frameworks */,
				OBJ_197 /* Swifter.framework in Frameworks */,
				OBJ_198 /* Then.framework in Frameworks */,
				OBJ_199 /* CSV.framework in Frameworks */,
				OBJ_200 /* Result.framework in Frameworks */,
				OBJ_201 /* RehatchCore.framework in Frameworks */,
			);
			runOnlyForDeploymentPostprocessing = 0;
		};
		OBJ_214 /* Frameworks */ = {
			isa = PBXFrameworksBuildPhase;
			buildActionMask = 0;
			files = (
				OBJ_215 /* CommandLineKit.framework in Frameworks */,
				OBJ_216 /* Swifter.framework in Frameworks */,
				OBJ_217 /* Then.framework in Frameworks */,
				OBJ_218 /* CSV.framework in Frameworks */,
				OBJ_219 /* Result.framework in Frameworks */,
				OBJ_220 /* RehatchCore.framework in Frameworks */,
			);
			runOnlyForDeploymentPostprocessing = 0;
		};
		OBJ_95 /* Frameworks */ = {
			isa = PBXFrameworksBuildPhase;
			buildActionMask = 0;
			files = (
			);
			runOnlyForDeploymentPostprocessing = 0;
		};
/* End PBXFrameworksBuildPhase section */

/* Begin PBXGroup section */
		OBJ_14 /* Rehatch */ = {
			isa = PBXGroup;
			children = (
				OBJ_15 /* CommandLine+Sugar.swift */,
				OBJ_16 /* main.swift */,
				OBJ_17 /* Prompter.swift */,
				OBJ_18 /* String+Sugar.swift */,
			);
			name = Rehatch;
			path = Sources/Rehatch;
			sourceTree = SOURCE_ROOT;
		};
		OBJ_19 /* Tests */ = {
			isa = PBXGroup;
			children = (
				OBJ_20 /* RehatchCoreTests */,
			);
			name = Tests;
			sourceTree = SOURCE_ROOT;
		};
		OBJ_20 /* RehatchCoreTests */ = {
			isa = PBXGroup;
			children = (
				OBJ_21 /* TweetTests.swift */,
			);
			name = RehatchCoreTests;
			path = Tests/RehatchCoreTests;
			sourceTree = SOURCE_ROOT;
		};
		OBJ_22 /* Dependencies */ = {
			isa = PBXGroup;
			children = (
				OBJ_23 /* Result 3.2.3 */,
				OBJ_27 /* CSV 1.1.2 */,
				OBJ_35 /* Then 2.1.0 */,
				OBJ_37 /* Swifter 2.0.1 */,
				OBJ_73 /* CommandLine 3.0.0-pre1 */,
			);
			name = Dependencies;
			sourceTree = "<group>";
		};
		OBJ_23 /* Result 3.2.3 */ = {
			isa = PBXGroup;
			children = (
				OBJ_24 /* Result */,
			);
			name = "Result 3.2.3";
			sourceTree = SOURCE_ROOT;
		};
		OBJ_24 /* Result */ = {
			isa = PBXGroup;
			children = (
				OBJ_25 /* Result.swift */,
				OBJ_26 /* ResultProtocol.swift */,
			);
			name = Result;
			path = ".build/checkouts/Result.git-8684547452332391156/Result";
			sourceTree = SOURCE_ROOT;
		};
		OBJ_27 /* CSV 1.1.2 */ = {
			isa = PBXGroup;
			children = (
				OBJ_28 /* BinaryReader.swift */,
				OBJ_29 /* CSV+init.swift */,
				OBJ_30 /* CSV+subscript.swift */,
				OBJ_31 /* CSV.swift */,
				OBJ_32 /* CSVError.swift */,
				OBJ_33 /* Endian.swift */,
				OBJ_34 /* UnicodeIterator.swift */,
			);
			name = "CSV 1.1.2";
			path = ".build/checkouts/CSV.swift.git-4712561669410534612/Sources";
			sourceTree = SOURCE_ROOT;
		};
		OBJ_35 /* Then 2.1.0 */ = {
			isa = PBXGroup;
			children = (
				OBJ_36 /* Then.swift */,
			);
			name = "Then 2.1.0";
			path = ".build/checkouts/Then-9147344704269568239/Sources";
			sourceTree = SOURCE_ROOT;
		};
		OBJ_37 /* Swifter 2.0.1 */ = {
			isa = PBXGroup;
			children = (
				OBJ_38 /* Data++.swift */,
				OBJ_39 /* Dictionary++.swift */,
				OBJ_40 /* HMAC.swift */,
				OBJ_41 /* Int++.swift */,
				OBJ_42 /* JSON.swift */,
				OBJ_43 /* Operator++.swift */,
				OBJ_44 /* SHA1.swift */,
				OBJ_45 /* String++.swift */,
				OBJ_46 /* Swifter.swift */,
				OBJ_47 /* SwifterAccountsClient.swift */,
				OBJ_48 /* SwifterAppOnlyClient.swift */,
				OBJ_49 /* SwifterAuth.swift */,
				OBJ_50 /* SwifterClientProtocol.swift */,
				OBJ_51 /* SwifterCredential.swift */,
				OBJ_52 /* SwifterError.swift */,
				OBJ_53 /* SwifterFavorites.swift */,
				OBJ_54 /* SwifterFollowers.swift */,
				OBJ_55 /* SwifterHelp.swift */,
				OBJ_56 /* SwifterHTTPRequest.swift */,
				OBJ_57 /* SwifterLists.swift */,
				OBJ_58 /* SwifterMessages.swift */,
				OBJ_59 /* SwifterOAuthClient.swift */,
				OBJ_60 /* SwifterPlaces.swift */,
				OBJ_61 /* SwifterSavedSearches.swift */,
				OBJ_62 /* SwifterSearch.swift */,
				OBJ_63 /* SwifterSpam.swift */,
				OBJ_64 /* SwifterStreaming.swift */,
				OBJ_65 /* SwifterSuggested.swift */,
				OBJ_66 /* SwifterTag.swift */,
				OBJ_67 /* SwifterTimelines.swift */,
				OBJ_68 /* SwifterTrends.swift */,
				OBJ_69 /* SwifterTweets.swift */,
				OBJ_70 /* SwifterUsers.swift */,
				OBJ_71 /* URL++.swift */,
				OBJ_72 /* Utils.swift */,
			);
			name = "Swifter 2.0.1";
			path = ".build/checkouts/Swifter--5194040227407635298/Sources";
			sourceTree = SOURCE_ROOT;
		};
		OBJ_5 /*  */ = {
			isa = PBXGroup;
			children = (
				OBJ_6 /* Package.swift */,
				OBJ_7 /* Sources */,
				OBJ_19 /* Tests */,
				OBJ_22 /* Dependencies */,
				OBJ_78 /* Products */,
			);
			name = "";
			sourceTree = "<group>";
		};
		OBJ_7 /* Sources */ = {
			isa = PBXGroup;
			children = (
				OBJ_8 /* RehatchCore */,
				OBJ_14 /* Rehatch */,
			);
			name = Sources;
			sourceTree = SOURCE_ROOT;
		};
		OBJ_73 /* CommandLine 3.0.0-pre1 */ = {
			isa = PBXGroup;
			children = (
				OBJ_74 /* CommandLineKit */,
			);
			name = "CommandLine 3.0.0-pre1";
			sourceTree = SOURCE_ROOT;
		};
		OBJ_74 /* CommandLineKit */ = {
			isa = PBXGroup;
			children = (
				OBJ_75 /* CommandLine.swift */,
				OBJ_76 /* Option.swift */,
				OBJ_77 /* StringExtensions.swift */,
			);
			name = CommandLineKit;
			path = ".build/checkouts/CommandLine-2650396103741080200/CommandLineKit";
			sourceTree = SOURCE_ROOT;
		};
		OBJ_78 /* Products */ = {
			isa = PBXGroup;
			children = (
				OBJ_79 /* CommandLineKit.framework */,
				OBJ_80 /* Swifter.framework */,
				OBJ_81 /* Then.framework */,
				OBJ_82 /* CSV.framework */,
				OBJ_83 /* Result.framework */,
				OBJ_84 /* RehatchCore.framework */,
				OBJ_85 /* Rehatch */,
				OBJ_86 /* RehatchCoreTests.xctest */,
			);
			name = Products;
			sourceTree = BUILT_PRODUCTS_DIR;
		};
		OBJ_8 /* RehatchCore */ = {
			isa = PBXGroup;
			children = (
				OBJ_9 /* Array+SafeIndex.swift */,
				OBJ_10 /* Tweet.swift */,
				OBJ_11 /* TweetDeletionReporter.swift */,
				OBJ_12 /* TweetParser.swift */,
				OBJ_13 /* TwitterAPI.swift */,
			);
			name = RehatchCore;
			path = Sources/RehatchCore;
			sourceTree = SOURCE_ROOT;
		};
/* End PBXGroup section */

/* Begin PBXNativeTarget section */
		OBJ_137 /* Then */ = {
			isa = PBXNativeTarget;
			buildConfigurationList = OBJ_138 /* Build configuration list for PBXNativeTarget "Then" */;
			buildPhases = (
				OBJ_141 /* Sources */,
				OBJ_143 /* Frameworks */,
			);
			buildRules = (
			);
			dependencies = (
			);
			name = Then;
			productName = Then;
			productReference = OBJ_81 /* Then.framework */;
			productType = "com.apple.product-type.framework";
		};
		OBJ_144 /* CSV */ = {
			isa = PBXNativeTarget;
			buildConfigurationList = OBJ_145 /* Build configuration list for PBXNativeTarget "CSV" */;
			buildPhases = (
				OBJ_148 /* Sources */,
				OBJ_156 /* Frameworks */,
			);
			buildRules = (
			);
			dependencies = (
			);
			name = CSV;
			productName = CSV;
			productReference = OBJ_82 /* CSV.framework */;
			productType = "com.apple.product-type.framework";
		};
		OBJ_157 /* Result */ = {
			isa = PBXNativeTarget;
			buildConfigurationList = OBJ_158 /* Build configuration list for PBXNativeTarget "Result" */;
			buildPhases = (
				OBJ_161 /* Sources */,
				OBJ_164 /* Frameworks */,
			);
			buildRules = (
			);
			dependencies = (
			);
			name = Result;
			productName = Result;
			productReference = OBJ_83 /* Result.framework */;
			productType = "com.apple.product-type.framework";
		};
		OBJ_165 /* RehatchCore */ = {
			isa = PBXNativeTarget;
			buildConfigurationList = OBJ_166 /* Build configuration list for PBXNativeTarget "RehatchCore" */;
			buildPhases = (
				OBJ_169 /* Sources */,
				OBJ_175 /* Frameworks */,
			);
			buildRules = (
			);
			dependencies = (
				OBJ_181 /* PBXTargetDependency */,
				OBJ_182 /* PBXTargetDependency */,
				OBJ_183 /* PBXTargetDependency */,
				OBJ_184 /* PBXTargetDependency */,
				OBJ_185 /* PBXTargetDependency */,
			);
			name = RehatchCore;
			productName = RehatchCore;
			productReference = OBJ_84 /* RehatchCore.framework */;
			productType = "com.apple.product-type.framework";
		};
		OBJ_186 /* Rehatch */ = {
			isa = PBXNativeTarget;
			buildConfigurationList = OBJ_187 /* Build configuration list for PBXNativeTarget "Rehatch" */;
			buildPhases = (
				OBJ_190 /* Sources */,
				OBJ_195 /* Frameworks */,
			);
			buildRules = (
			);
			dependencies = (
				OBJ_202 /* PBXTargetDependency */,
				OBJ_203 /* PBXTargetDependency */,
				OBJ_204 /* PBXTargetDependency */,
				OBJ_205 /* PBXTargetDependency */,
				OBJ_206 /* PBXTargetDependency */,
				OBJ_207 /* PBXTargetDependency */,
			);
			name = Rehatch;
			productName = Rehatch;
			productReference = OBJ_85 /* Rehatch */;
			productType = "com.apple.product-type.tool";
		};
		OBJ_208 /* RehatchCoreTests */ = {
			isa = PBXNativeTarget;
			buildConfigurationList = OBJ_209 /* Build configuration list for PBXNativeTarget "RehatchCoreTests" */;
			buildPhases = (
				OBJ_212 /* Sources */,
				OBJ_214 /* Frameworks */,
			);
			buildRules = (
			);
			dependencies = (
				OBJ_221 /* PBXTargetDependency */,
				OBJ_222 /* PBXTargetDependency */,
				OBJ_223 /* PBXTargetDependency */,
				OBJ_224 /* PBXTargetDependency */,
				OBJ_225 /* PBXTargetDependency */,
				OBJ_226 /* PBXTargetDependency */,
			);
			name = RehatchCoreTests;
			productName = RehatchCoreTests;
			productReference = OBJ_86 /* RehatchCoreTests.xctest */;
			productType = "com.apple.product-type.bundle.unit-test";
		};
		OBJ_87 /* CommandLineKit */ = {
			isa = PBXNativeTarget;
			buildConfigurationList = OBJ_88 /* Build configuration list for PBXNativeTarget "CommandLineKit" */;
			buildPhases = (
				OBJ_91 /* Sources */,
				OBJ_95 /* Frameworks */,
			);
			buildRules = (
			);
			dependencies = (
			);
			name = CommandLineKit;
			productName = CommandLineKit;
			productReference = OBJ_79 /* CommandLineKit.framework */;
			productType = "com.apple.product-type.framework";
		};
		OBJ_96 /* Swifter */ = {
			isa = PBXNativeTarget;
			buildConfigurationList = OBJ_97 /* Build configuration list for PBXNativeTarget "Swifter" */;
			buildPhases = (
				OBJ_100 /* Sources */,
				OBJ_136 /* Frameworks */,
			);
			buildRules = (
			);
			dependencies = (
			);
			name = Swifter;
			productName = Swifter;
			productReference = OBJ_80 /* Swifter.framework */;
			productType = "com.apple.product-type.framework";
		};
/* End PBXNativeTarget section */

/* Begin PBXProject section */
		OBJ_1 /* Project object */ = {
			isa = PBXProject;
			attributes = {
				LastUpgradeCheck = 9999;
			};
			buildConfigurationList = OBJ_2 /* Build configuration list for PBXProject "Rehatch" */;
			compatibilityVersion = "Xcode 3.2";
			developmentRegion = English;
			hasScannedForEncodings = 0;
			knownRegions = (
				en,
			);
			mainGroup = OBJ_5 /*  */;
			productRefGroup = OBJ_78 /* Products */;
			projectDirPath = "";
			projectRoot = "";
			targets = (
				OBJ_87 /* CommandLineKit */,
				OBJ_96 /* Swifter */,
				OBJ_137 /* Then */,
				OBJ_144 /* CSV */,
				OBJ_157 /* Result */,
				OBJ_165 /* RehatchCore */,
				OBJ_186 /* Rehatch */,
				OBJ_208 /* RehatchCoreTests */,
			);
		};
/* End PBXProject section */

/* Begin PBXSourcesBuildPhase section */
		OBJ_100 /* Sources */ = {
			isa = PBXSourcesBuildPhase;
			buildActionMask = 0;
			files = (
				OBJ_101 /* Data++.swift in Sources */,
				OBJ_102 /* Dictionary++.swift in Sources */,
				OBJ_103 /* HMAC.swift in Sources */,
				OBJ_104 /* Int++.swift in Sources */,
				OBJ_105 /* JSON.swift in Sources */,
				OBJ_106 /* Operator++.swift in Sources */,
				OBJ_107 /* SHA1.swift in Sources */,
				OBJ_108 /* String++.swift in Sources */,
				OBJ_109 /* Swifter.swift in Sources */,
				OBJ_110 /* SwifterAccountsClient.swift in Sources */,
				OBJ_111 /* SwifterAppOnlyClient.swift in Sources */,
				OBJ_112 /* SwifterAuth.swift in Sources */,
				OBJ_113 /* SwifterClientProtocol.swift in Sources */,
				OBJ_114 /* SwifterCredential.swift in Sources */,
				OBJ_115 /* SwifterError.swift in Sources */,
				OBJ_116 /* SwifterFavorites.swift in Sources */,
				OBJ_117 /* SwifterFollowers.swift in Sources */,
				OBJ_118 /* SwifterHelp.swift in Sources */,
				OBJ_119 /* SwifterHTTPRequest.swift in Sources */,
				OBJ_120 /* SwifterLists.swift in Sources */,
				OBJ_121 /* SwifterMessages.swift in Sources */,
				OBJ_122 /* SwifterOAuthClient.swift in Sources */,
				OBJ_123 /* SwifterPlaces.swift in Sources */,
				OBJ_124 /* SwifterSavedSearches.swift in Sources */,
				OBJ_125 /* SwifterSearch.swift in Sources */,
				OBJ_126 /* SwifterSpam.swift in Sources */,
				OBJ_127 /* SwifterStreaming.swift in Sources */,
				OBJ_128 /* SwifterSuggested.swift in Sources */,
				OBJ_129 /* SwifterTag.swift in Sources */,
				OBJ_130 /* SwifterTimelines.swift in Sources */,
				OBJ_131 /* SwifterTrends.swift in Sources */,
				OBJ_132 /* SwifterTweets.swift in Sources */,
				OBJ_133 /* SwifterUsers.swift in Sources */,
				OBJ_134 /* URL++.swift in Sources */,
				OBJ_135 /* Utils.swift in Sources */,
			);
			runOnlyForDeploymentPostprocessing = 0;
		};
		OBJ_141 /* Sources */ = {
			isa = PBXSourcesBuildPhase;
			buildActionMask = 0;
			files = (
				OBJ_142 /* Then.swift in Sources */,
			);
			runOnlyForDeploymentPostprocessing = 0;
		};
		OBJ_148 /* Sources */ = {
			isa = PBXSourcesBuildPhase;
			buildActionMask = 0;
			files = (
				OBJ_149 /* BinaryReader.swift in Sources */,
				OBJ_150 /* CSV+init.swift in Sources */,
				OBJ_151 /* CSV+subscript.swift in Sources */,
				OBJ_152 /* CSV.swift in Sources */,
				OBJ_153 /* CSVError.swift in Sources */,
				OBJ_154 /* Endian.swift in Sources */,
				OBJ_155 /* UnicodeIterator.swift in Sources */,
			);
			runOnlyForDeploymentPostprocessing = 0;
		};
		OBJ_161 /* Sources */ = {
			isa = PBXSourcesBuildPhase;
			buildActionMask = 0;
			files = (
				OBJ_162 /* Result.swift in Sources */,
				OBJ_163 /* ResultProtocol.swift in Sources */,
			);
			runOnlyForDeploymentPostprocessing = 0;
		};
		OBJ_169 /* Sources */ = {
			isa = PBXSourcesBuildPhase;
			buildActionMask = 0;
			files = (
				OBJ_170 /* Array+SafeIndex.swift in Sources */,
				OBJ_171 /* Tweet.swift in Sources */,
				OBJ_172 /* TweetDeletionReporter.swift in Sources */,
				OBJ_173 /* TweetParser.swift in Sources */,
				OBJ_174 /* TwitterAPI.swift in Sources */,
			);
			runOnlyForDeploymentPostprocessing = 0;
		};
		OBJ_190 /* Sources */ = {
			isa = PBXSourcesBuildPhase;
			buildActionMask = 0;
			files = (
				OBJ_191 /* CommandLine+Sugar.swift in Sources */,
				OBJ_192 /* main.swift in Sources */,
				OBJ_193 /* Prompter.swift in Sources */,
				OBJ_194 /* String+Sugar.swift in Sources */,
			);
			runOnlyForDeploymentPostprocessing = 0;
		};
		OBJ_212 /* Sources */ = {
			isa = PBXSourcesBuildPhase;
			buildActionMask = 0;
			files = (
				OBJ_213 /* TweetTests.swift in Sources */,
			);
			runOnlyForDeploymentPostprocessing = 0;
		};
		OBJ_91 /* Sources */ = {
			isa = PBXSourcesBuildPhase;
			buildActionMask = 0;
			files = (
				OBJ_92 /* CommandLine.swift in Sources */,
				OBJ_93 /* Option.swift in Sources */,
				OBJ_94 /* StringExtensions.swift in Sources */,
			);
			runOnlyForDeploymentPostprocessing = 0;
		};
/* End PBXSourcesBuildPhase section */

/* Begin PBXTargetDependency section */
		OBJ_181 /* PBXTargetDependency */ = {
			isa = PBXTargetDependency;
			target = OBJ_87 /* CommandLineKit */;
			targetProxy = D5F61F4C1F0ECBC8005542F4 /* PBXContainerItemProxy */;
		};
		OBJ_182 /* PBXTargetDependency */ = {
			isa = PBXTargetDependency;
			target = OBJ_96 /* Swifter */;
			targetProxy = D5F61F4D1F0ECBC8005542F4 /* PBXContainerItemProxy */;
		};
		OBJ_183 /* PBXTargetDependency */ = {
			isa = PBXTargetDependency;
			target = OBJ_137 /* Then */;
			targetProxy = D5F61F4E1F0ECBC8005542F4 /* PBXContainerItemProxy */;
		};
		OBJ_184 /* PBXTargetDependency */ = {
			isa = PBXTargetDependency;
			target = OBJ_144 /* CSV */;
			targetProxy = D5F61F4F1F0ECBC8005542F4 /* PBXContainerItemProxy */;
		};
		OBJ_185 /* PBXTargetDependency */ = {
			isa = PBXTargetDependency;
			target = OBJ_157 /* Result */;
			targetProxy = D5F61F501F0ECBC8005542F4 /* PBXContainerItemProxy */;
		};
		OBJ_202 /* PBXTargetDependency */ = {
			isa = PBXTargetDependency;
			target = OBJ_87 /* CommandLineKit */;
			targetProxy = D5F61F511F0ECBC8005542F4 /* PBXContainerItemProxy */;
		};
		OBJ_203 /* PBXTargetDependency */ = {
			isa = PBXTargetDependency;
			target = OBJ_96 /* Swifter */;
			targetProxy = D5F61F521F0ECBC8005542F4 /* PBXContainerItemProxy */;
		};
		OBJ_204 /* PBXTargetDependency */ = {
			isa = PBXTargetDependency;
			target = OBJ_137 /* Then */;
			targetProxy = D5F61F531F0ECBC8005542F4 /* PBXContainerItemProxy */;
		};
		OBJ_205 /* PBXTargetDependency */ = {
			isa = PBXTargetDependency;
			target = OBJ_144 /* CSV */;
			targetProxy = D5F61F541F0ECBC8005542F4 /* PBXContainerItemProxy */;
		};
		OBJ_206 /* PBXTargetDependency */ = {
			isa = PBXTargetDependency;
			target = OBJ_157 /* Result */;
			targetProxy = D5F61F551F0ECBC8005542F4 /* PBXContainerItemProxy */;
		};
		OBJ_207 /* PBXTargetDependency */ = {
			isa = PBXTargetDependency;
			target = OBJ_165 /* RehatchCore */;
			targetProxy = D5F61F561F0ECBC8005542F4 /* PBXContainerItemProxy */;
		};
		OBJ_221 /* PBXTargetDependency */ = {
			isa = PBXTargetDependency;
			target = OBJ_87 /* CommandLineKit */;
			targetProxy = D5F61F571F0ECBC8005542F4 /* PBXContainerItemProxy */;
		};
		OBJ_222 /* PBXTargetDependency */ = {
			isa = PBXTargetDependency;
			target = OBJ_96 /* Swifter */;
			targetProxy = D5F61F581F0ECBC8005542F4 /* PBXContainerItemProxy */;
		};
		OBJ_223 /* PBXTargetDependency */ = {
			isa = PBXTargetDependency;
			target = OBJ_137 /* Then */;
			targetProxy = D5F61F591F0ECBC8005542F4 /* PBXContainerItemProxy */;
		};
		OBJ_224 /* PBXTargetDependency */ = {
			isa = PBXTargetDependency;
			target = OBJ_144 /* CSV */;
			targetProxy = D5F61F5A1F0ECBC8005542F4 /* PBXContainerItemProxy */;
		};
		OBJ_225 /* PBXTargetDependency */ = {
			isa = PBXTargetDependency;
			target = OBJ_157 /* Result */;
			targetProxy = D5F61F5B1F0ECBC8005542F4 /* PBXContainerItemProxy */;
		};
		OBJ_226 /* PBXTargetDependency */ = {
			isa = PBXTargetDependency;
			target = OBJ_165 /* RehatchCore */;
			targetProxy = D5F61F5C1F0ECBC8005542F4 /* PBXContainerItemProxy */;
		};
/* End PBXTargetDependency section */

/* Begin XCBuildConfiguration section */
		OBJ_139 /* Debug */ = {
			isa = XCBuildConfiguration;
			buildSettings = {
				ENABLE_TESTABILITY = YES;
				FRAMEWORK_SEARCH_PATHS = (
					"$(inherited)",
					"$(PLATFORM_DIR)/Developer/Library/Frameworks",
				);
				HEADER_SEARCH_PATHS = "$(inherited)";
				INFOPLIST_FILE = Rehatch.xcodeproj/Then_Info.plist;
				LD_RUNPATH_SEARCH_PATHS = "$(TOOLCHAIN_DIR)/usr/lib/swift/macosx";
				OTHER_LDFLAGS = "$(inherited)";
				OTHER_SWIFT_FLAGS = "$(inherited)";
				PRODUCT_BUNDLE_IDENTIFIER = Then;
				PRODUCT_MODULE_NAME = "$(TARGET_NAME:c99extidentifier)";
				PRODUCT_NAME = "$(TARGET_NAME:c99extidentifier)";
				SKIP_INSTALL = YES;
				TARGET_NAME = Then;
			};
			name = Debug;
		};
		OBJ_140 /* Release */ = {
			isa = XCBuildConfiguration;
			buildSettings = {
				ENABLE_TESTABILITY = YES;
				FRAMEWORK_SEARCH_PATHS = (
					"$(inherited)",
					"$(PLATFORM_DIR)/Developer/Library/Frameworks",
				);
				HEADER_SEARCH_PATHS = "$(inherited)";
				INFOPLIST_FILE = Rehatch.xcodeproj/Then_Info.plist;
				LD_RUNPATH_SEARCH_PATHS = "$(TOOLCHAIN_DIR)/usr/lib/swift/macosx";
				OTHER_LDFLAGS = "$(inherited)";
				OTHER_SWIFT_FLAGS = "$(inherited)";
				PRODUCT_BUNDLE_IDENTIFIER = Then;
				PRODUCT_MODULE_NAME = "$(TARGET_NAME:c99extidentifier)";
				PRODUCT_NAME = "$(TARGET_NAME:c99extidentifier)";
				SKIP_INSTALL = YES;
				TARGET_NAME = Then;
			};
			name = Release;
		};
		OBJ_146 /* Debug */ = {
			isa = XCBuildConfiguration;
			buildSettings = {
				ENABLE_TESTABILITY = YES;
				FRAMEWORK_SEARCH_PATHS = (
					"$(inherited)",
					"$(PLATFORM_DIR)/Developer/Library/Frameworks",
				);
				HEADER_SEARCH_PATHS = "$(inherited)";
				INFOPLIST_FILE = Rehatch.xcodeproj/CSV_Info.plist;
				LD_RUNPATH_SEARCH_PATHS = "$(TOOLCHAIN_DIR)/usr/lib/swift/macosx";
				OTHER_LDFLAGS = "$(inherited)";
				OTHER_SWIFT_FLAGS = "$(inherited)";
				PRODUCT_BUNDLE_IDENTIFIER = CSV;
				PRODUCT_MODULE_NAME = "$(TARGET_NAME:c99extidentifier)";
				PRODUCT_NAME = "$(TARGET_NAME:c99extidentifier)";
				SKIP_INSTALL = YES;
				TARGET_NAME = CSV;
			};
			name = Debug;
		};
		OBJ_147 /* Release */ = {
			isa = XCBuildConfiguration;
			buildSettings = {
				ENABLE_TESTABILITY = YES;
				FRAMEWORK_SEARCH_PATHS = (
					"$(inherited)",
					"$(PLATFORM_DIR)/Developer/Library/Frameworks",
				);
				HEADER_SEARCH_PATHS = "$(inherited)";
				INFOPLIST_FILE = Rehatch.xcodeproj/CSV_Info.plist;
				LD_RUNPATH_SEARCH_PATHS = "$(TOOLCHAIN_DIR)/usr/lib/swift/macosx";
				OTHER_LDFLAGS = "$(inherited)";
				OTHER_SWIFT_FLAGS = "$(inherited)";
				PRODUCT_BUNDLE_IDENTIFIER = CSV;
				PRODUCT_MODULE_NAME = "$(TARGET_NAME:c99extidentifier)";
				PRODUCT_NAME = "$(TARGET_NAME:c99extidentifier)";
				SKIP_INSTALL = YES;
				TARGET_NAME = CSV;
			};
			name = Release;
		};
		OBJ_159 /* Debug */ = {
			isa = XCBuildConfiguration;
			buildSettings = {
				ENABLE_TESTABILITY = YES;
				FRAMEWORK_SEARCH_PATHS = (
					"$(inherited)",
					"$(PLATFORM_DIR)/Developer/Library/Frameworks",
				);
				HEADER_SEARCH_PATHS = "$(inherited)";
				INFOPLIST_FILE = Rehatch.xcodeproj/Result_Info.plist;
				LD_RUNPATH_SEARCH_PATHS = "$(TOOLCHAIN_DIR)/usr/lib/swift/macosx";
				OTHER_LDFLAGS = "$(inherited)";
				OTHER_SWIFT_FLAGS = "$(inherited)";
				PRODUCT_BUNDLE_IDENTIFIER = Result;
				PRODUCT_MODULE_NAME = "$(TARGET_NAME:c99extidentifier)";
				PRODUCT_NAME = "$(TARGET_NAME:c99extidentifier)";
				SKIP_INSTALL = YES;
				TARGET_NAME = Result;
			};
			name = Debug;
		};
		OBJ_160 /* Release */ = {
			isa = XCBuildConfiguration;
			buildSettings = {
				ENABLE_TESTABILITY = YES;
				FRAMEWORK_SEARCH_PATHS = (
					"$(inherited)",
					"$(PLATFORM_DIR)/Developer/Library/Frameworks",
				);
				HEADER_SEARCH_PATHS = "$(inherited)";
				INFOPLIST_FILE = Rehatch.xcodeproj/Result_Info.plist;
				LD_RUNPATH_SEARCH_PATHS = "$(TOOLCHAIN_DIR)/usr/lib/swift/macosx";
				OTHER_LDFLAGS = "$(inherited)";
				OTHER_SWIFT_FLAGS = "$(inherited)";
				PRODUCT_BUNDLE_IDENTIFIER = Result;
				PRODUCT_MODULE_NAME = "$(TARGET_NAME:c99extidentifier)";
				PRODUCT_NAME = "$(TARGET_NAME:c99extidentifier)";
				SKIP_INSTALL = YES;
				TARGET_NAME = Result;
			};
			name = Release;
		};
		OBJ_167 /* Debug */ = {
			isa = XCBuildConfiguration;
			buildSettings = {
				ENABLE_TESTABILITY = YES;
				FRAMEWORK_SEARCH_PATHS = (
					"$(inherited)",
					"$(PLATFORM_DIR)/Developer/Library/Frameworks",
				);
				HEADER_SEARCH_PATHS = "$(inherited)";
				INFOPLIST_FILE = Rehatch.xcodeproj/RehatchCore_Info.plist;
				LD_RUNPATH_SEARCH_PATHS = "$(TOOLCHAIN_DIR)/usr/lib/swift/macosx";
				OTHER_LDFLAGS = "$(inherited)";
				OTHER_SWIFT_FLAGS = "$(inherited)";
				PRODUCT_BUNDLE_IDENTIFIER = RehatchCore;
				PRODUCT_MODULE_NAME = "$(TARGET_NAME:c99extidentifier)";
				PRODUCT_NAME = "$(TARGET_NAME:c99extidentifier)";
				SKIP_INSTALL = YES;
				TARGET_NAME = RehatchCore;
			};
			name = Debug;
		};
		OBJ_168 /* Release */ = {
			isa = XCBuildConfiguration;
			buildSettings = {
				ENABLE_TESTABILITY = YES;
				FRAMEWORK_SEARCH_PATHS = (
					"$(inherited)",
					"$(PLATFORM_DIR)/Developer/Library/Frameworks",
				);
				HEADER_SEARCH_PATHS = "$(inherited)";
				INFOPLIST_FILE = Rehatch.xcodeproj/RehatchCore_Info.plist;
				LD_RUNPATH_SEARCH_PATHS = "$(TOOLCHAIN_DIR)/usr/lib/swift/macosx";
				OTHER_LDFLAGS = "$(inherited)";
				OTHER_SWIFT_FLAGS = "$(inherited)";
				PRODUCT_BUNDLE_IDENTIFIER = RehatchCore;
				PRODUCT_MODULE_NAME = "$(TARGET_NAME:c99extidentifier)";
				PRODUCT_NAME = "$(TARGET_NAME:c99extidentifier)";
				SKIP_INSTALL = YES;
				TARGET_NAME = RehatchCore;
			};
			name = Release;
		};
		OBJ_188 /* Debug */ = {
			isa = XCBuildConfiguration;
			buildSettings = {
				FRAMEWORK_SEARCH_PATHS = (
					"$(inherited)",
					"$(PLATFORM_DIR)/Developer/Library/Frameworks",
				);
				HEADER_SEARCH_PATHS = "$(inherited)";
				INFOPLIST_FILE = Rehatch.xcodeproj/Rehatch_Info.plist;
				LD_RUNPATH_SEARCH_PATHS = "$(TOOLCHAIN_DIR)/usr/lib/swift/macosx @executable_path";
				OTHER_LDFLAGS = "$(inherited)";
				OTHER_SWIFT_FLAGS = "$(inherited)";
				SWIFT_FORCE_DYNAMIC_LINK_STDLIB = YES;
				SWIFT_FORCE_STATIC_LINK_STDLIB = NO;
				TARGET_NAME = Rehatch;
			};
			name = Debug;
		};
		OBJ_189 /* Release */ = {
			isa = XCBuildConfiguration;
			buildSettings = {
				FRAMEWORK_SEARCH_PATHS = (
					"$(inherited)",
					"$(PLATFORM_DIR)/Developer/Library/Frameworks",
				);
				HEADER_SEARCH_PATHS = "$(inherited)";
				INFOPLIST_FILE = Rehatch.xcodeproj/Rehatch_Info.plist;
				LD_RUNPATH_SEARCH_PATHS = "$(TOOLCHAIN_DIR)/usr/lib/swift/macosx @executable_path";
				OTHER_LDFLAGS = "$(inherited)";
				OTHER_SWIFT_FLAGS = "$(inherited)";
				SWIFT_FORCE_DYNAMIC_LINK_STDLIB = YES;
				SWIFT_FORCE_STATIC_LINK_STDLIB = NO;
				TARGET_NAME = Rehatch;
			};
			name = Release;
		};
		OBJ_210 /* Debug */ = {
			isa = XCBuildConfiguration;
			buildSettings = {
				EMBEDDED_CONTENT_CONTAINS_SWIFT = YES;
				FRAMEWORK_SEARCH_PATHS = (
					"$(inherited)",
					"$(PLATFORM_DIR)/Developer/Library/Frameworks",
				);
				HEADER_SEARCH_PATHS = "$(inherited)";
				INFOPLIST_FILE = Rehatch.xcodeproj/RehatchCoreTests_Info.plist;
				LD_RUNPATH_SEARCH_PATHS = "@loader_path/../Frameworks @loader_path/Frameworks";
				OTHER_LDFLAGS = "$(inherited)";
				OTHER_SWIFT_FLAGS = "$(inherited)";
				TARGET_NAME = RehatchCoreTests;
			};
			name = Debug;
		};
		OBJ_211 /* Release */ = {
			isa = XCBuildConfiguration;
			buildSettings = {
				EMBEDDED_CONTENT_CONTAINS_SWIFT = YES;
				FRAMEWORK_SEARCH_PATHS = (
					"$(inherited)",
					"$(PLATFORM_DIR)/Developer/Library/Frameworks",
				);
				HEADER_SEARCH_PATHS = "$(inherited)";
				INFOPLIST_FILE = Rehatch.xcodeproj/RehatchCoreTests_Info.plist;
				LD_RUNPATH_SEARCH_PATHS = "@loader_path/../Frameworks @loader_path/Frameworks";
				OTHER_LDFLAGS = "$(inherited)";
				OTHER_SWIFT_FLAGS = "$(inherited)";
				TARGET_NAME = RehatchCoreTests;
			};
			name = Release;
		};
		OBJ_3 /* Debug */ = {
			isa = XCBuildConfiguration;
			buildSettings = {
				CLANG_ENABLE_OBJC_ARC = YES;
				COMBINE_HIDPI_IMAGES = YES;
				COPY_PHASE_STRIP = NO;
				DEBUG_INFORMATION_FORMAT = dwarf;
				DYLIB_INSTALL_NAME_BASE = "@rpath";
				ENABLE_NS_ASSERTIONS = YES;
				GCC_OPTIMIZATION_LEVEL = 0;
				MACOSX_DEPLOYMENT_TARGET = 10.10;
				ONLY_ACTIVE_ARCH = YES;
				OTHER_SWIFT_FLAGS = "-DXcode";
				PRODUCT_NAME = "$(TARGET_NAME)";
				SDKROOT = macosx;
				SUPPORTED_PLATFORMS = "macosx iphoneos iphonesimulator appletvos appletvsimulator watchos watchsimulator";
				SWIFT_ACTIVE_COMPILATION_CONDITIONS = SWIFT_PACKAGE;
				SWIFT_OPTIMIZATION_LEVEL = "-Onone";
				SWIFT_VERSION = 3.0;
				USE_HEADERMAP = NO;
			};
			name = Debug;
		};
		OBJ_4 /* Release */ = {
			isa = XCBuildConfiguration;
			buildSettings = {
				CLANG_ENABLE_OBJC_ARC = YES;
				COMBINE_HIDPI_IMAGES = YES;
				COPY_PHASE_STRIP = YES;
				DEBUG_INFORMATION_FORMAT = "dwarf-with-dsym";
				DYLIB_INSTALL_NAME_BASE = "@rpath";
				GCC_OPTIMIZATION_LEVEL = s;
				MACOSX_DEPLOYMENT_TARGET = 10.10;
				OTHER_SWIFT_FLAGS = "-DXcode";
				PRODUCT_NAME = "$(TARGET_NAME)";
				SDKROOT = macosx;
				SUPPORTED_PLATFORMS = "macosx iphoneos iphonesimulator appletvos appletvsimulator watchos watchsimulator";
				SWIFT_ACTIVE_COMPILATION_CONDITIONS = SWIFT_PACKAGE;
				SWIFT_OPTIMIZATION_LEVEL = "-Owholemodule";
				SWIFT_VERSION = 3.0;
				USE_HEADERMAP = NO;
			};
			name = Release;
		};
		OBJ_89 /* Debug */ = {
			isa = XCBuildConfiguration;
			buildSettings = {
				ENABLE_TESTABILITY = YES;
				FRAMEWORK_SEARCH_PATHS = (
					"$(inherited)",
					"$(PLATFORM_DIR)/Developer/Library/Frameworks",
				);
				HEADER_SEARCH_PATHS = "$(inherited)";
				INFOPLIST_FILE = Rehatch.xcodeproj/CommandLineKit_Info.plist;
				LD_RUNPATH_SEARCH_PATHS = "$(TOOLCHAIN_DIR)/usr/lib/swift/macosx";
				OTHER_LDFLAGS = "$(inherited)";
				OTHER_SWIFT_FLAGS = "$(inherited)";
				PRODUCT_BUNDLE_IDENTIFIER = CommandLineKit;
				PRODUCT_MODULE_NAME = "$(TARGET_NAME:c99extidentifier)";
				PRODUCT_NAME = "$(TARGET_NAME:c99extidentifier)";
				SKIP_INSTALL = YES;
				TARGET_NAME = CommandLineKit;
			};
			name = Debug;
		};
		OBJ_90 /* Release */ = {
			isa = XCBuildConfiguration;
			buildSettings = {
				ENABLE_TESTABILITY = YES;
				FRAMEWORK_SEARCH_PATHS = (
					"$(inherited)",
					"$(PLATFORM_DIR)/Developer/Library/Frameworks",
				);
				HEADER_SEARCH_PATHS = "$(inherited)";
				INFOPLIST_FILE = Rehatch.xcodeproj/CommandLineKit_Info.plist;
				LD_RUNPATH_SEARCH_PATHS = "$(TOOLCHAIN_DIR)/usr/lib/swift/macosx";
				OTHER_LDFLAGS = "$(inherited)";
				OTHER_SWIFT_FLAGS = "$(inherited)";
				PRODUCT_BUNDLE_IDENTIFIER = CommandLineKit;
				PRODUCT_MODULE_NAME = "$(TARGET_NAME:c99extidentifier)";
				PRODUCT_NAME = "$(TARGET_NAME:c99extidentifier)";
				SKIP_INSTALL = YES;
				TARGET_NAME = CommandLineKit;
			};
			name = Release;
		};
		OBJ_98 /* Debug */ = {
			isa = XCBuildConfiguration;
			buildSettings = {
				ENABLE_TESTABILITY = YES;
				FRAMEWORK_SEARCH_PATHS = (
					"$(inherited)",
					"$(PLATFORM_DIR)/Developer/Library/Frameworks",
				);
				HEADER_SEARCH_PATHS = "$(inherited)";
				INFOPLIST_FILE = Rehatch.xcodeproj/Swifter_Info.plist;
				LD_RUNPATH_SEARCH_PATHS = "$(TOOLCHAIN_DIR)/usr/lib/swift/macosx";
				OTHER_LDFLAGS = "$(inherited)";
				OTHER_SWIFT_FLAGS = "$(inherited)";
				PRODUCT_BUNDLE_IDENTIFIER = Swifter;
				PRODUCT_MODULE_NAME = "$(TARGET_NAME:c99extidentifier)";
				PRODUCT_NAME = "$(TARGET_NAME:c99extidentifier)";
				SKIP_INSTALL = YES;
				TARGET_NAME = Swifter;
			};
			name = Debug;
		};
		OBJ_99 /* Release */ = {
			isa = XCBuildConfiguration;
			buildSettings = {
				ENABLE_TESTABILITY = YES;
				FRAMEWORK_SEARCH_PATHS = (
					"$(inherited)",
					"$(PLATFORM_DIR)/Developer/Library/Frameworks",
				);
				HEADER_SEARCH_PATHS = "$(inherited)";
				INFOPLIST_FILE = Rehatch.xcodeproj/Swifter_Info.plist;
				LD_RUNPATH_SEARCH_PATHS = "$(TOOLCHAIN_DIR)/usr/lib/swift/macosx";
				OTHER_LDFLAGS = "$(inherited)";
				OTHER_SWIFT_FLAGS = "$(inherited)";
				PRODUCT_BUNDLE_IDENTIFIER = Swifter;
				PRODUCT_MODULE_NAME = "$(TARGET_NAME:c99extidentifier)";
				PRODUCT_NAME = "$(TARGET_NAME:c99extidentifier)";
				SKIP_INSTALL = YES;
				TARGET_NAME = Swifter;
			};
			name = Release;
		};
/* End XCBuildConfiguration section */

/* Begin XCConfigurationList section */
		OBJ_138 /* Build configuration list for PBXNativeTarget "Then" */ = {
			isa = XCConfigurationList;
			buildConfigurations = (
				OBJ_139 /* Debug */,
				OBJ_140 /* Release */,
			);
			defaultConfigurationIsVisible = 0;
			defaultConfigurationName = Debug;
		};
		OBJ_145 /* Build configuration list for PBXNativeTarget "CSV" */ = {
			isa = XCConfigurationList;
			buildConfigurations = (
				OBJ_146 /* Debug */,
				OBJ_147 /* Release */,
			);
			defaultConfigurationIsVisible = 0;
			defaultConfigurationName = Debug;
		};
		OBJ_158 /* Build configuration list for PBXNativeTarget "Result" */ = {
			isa = XCConfigurationList;
			buildConfigurations = (
				OBJ_159 /* Debug */,
				OBJ_160 /* Release */,
			);
			defaultConfigurationIsVisible = 0;
			defaultConfigurationName = Debug;
		};
		OBJ_166 /* Build configuration list for PBXNativeTarget "RehatchCore" */ = {
			isa = XCConfigurationList;
			buildConfigurations = (
				OBJ_167 /* Debug */,
				OBJ_168 /* Release */,
			);
			defaultConfigurationIsVisible = 0;
			defaultConfigurationName = Debug;
		};
		OBJ_187 /* Build configuration list for PBXNativeTarget "Rehatch" */ = {
			isa = XCConfigurationList;
			buildConfigurations = (
				OBJ_188 /* Debug */,
				OBJ_189 /* Release */,
			);
			defaultConfigurationIsVisible = 0;
			defaultConfigurationName = Debug;
		};
		OBJ_2 /* Build configuration list for PBXProject "Rehatch" */ = {
			isa = XCConfigurationList;
			buildConfigurations = (
				OBJ_3 /* Debug */,
				OBJ_4 /* Release */,
			);
			defaultConfigurationIsVisible = 0;
			defaultConfigurationName = Debug;
		};
		OBJ_209 /* Build configuration list for PBXNativeTarget "RehatchCoreTests" */ = {
			isa = XCConfigurationList;
			buildConfigurations = (
				OBJ_210 /* Debug */,
				OBJ_211 /* Release */,
			);
			defaultConfigurationIsVisible = 0;
			defaultConfigurationName = Debug;
		};
		OBJ_88 /* Build configuration list for PBXNativeTarget "CommandLineKit" */ = {
			isa = XCConfigurationList;
			buildConfigurations = (
				OBJ_89 /* Debug */,
				OBJ_90 /* Release */,
			);
			defaultConfigurationIsVisible = 0;
			defaultConfigurationName = Debug;
		};
		OBJ_97 /* Build configuration list for PBXNativeTarget "Swifter" */ = {
			isa = XCConfigurationList;
			buildConfigurations = (
				OBJ_98 /* Debug */,
				OBJ_99 /* Release */,
			);
			defaultConfigurationIsVisible = 0;
			defaultConfigurationName = Debug;
		};
/* End XCConfigurationList section */
	};
	rootObject = OBJ_1 /* Project object */;
}
